
Microsoft Visual Studio Solution File, Format Version 12.00
# Visual Studio Version 17
VisualStudioVersion = 17.3.32929.385
MinimumVisualStudioVersion = 10.0.40219.1
Project("{FAE04EC0-301F-11D3-BF4B-00C04F79EFBC}") = "3 Pianino", "3 Pianino\3 Pianino.csproj", "{4AE4CBB5-966C-4831-8AE4-46C62357A337}"
EndProject
Global
	GlobalSection(SolutionConfigurationPlatforms) = preSolution
		Debug|Any CPU = Debug|Any CPU
		Release|Any CPU = Release|Any CPU
	EndGlobalSection
	GlobalSection(ProjectConfigurationPlatforms) = postSolution
		{4AE4CBB5-966C-4831-8AE4-46C62357A337}.Debug|Any CPU.ActiveCfg = Debug|Any CPU
		{4AE4CBB5-966C-4831-8AE4-46C62357A337}.Debug|Any CPU.Build.0 = Debug|Any CPU
		{4AE4CBB5-966C-4831-8AE4-46C62357A337}.Release|Any CPU.ActiveCfg = Release|Any CPU
		{4AE4CBB5-966C-4831-8AE4-46C62357A337}.Release|Any CPU.Build.0 = Release|Any CPU
	EndGlobalSection
	GlobalSection(SolutionProperties) = preSolution
		HideSolutionNode = FALSE
	EndGlobalSection
	GlobalSection(ExtensibilityGlobals) = postSolution
		SolutionGuid = {2EBE00BA-3B66-4621-9AB4-A4C91E735A8C}
	EndGlobalSection
EndGlobal
